
Microsoft Visual Studio Solution File, Format Version 12.00
# Visual Studio 15
VisualStudioVersion = 15.0.28307.168
MinimumVisualStudioVersion = 10.0.40219.1
Project("{FAE04EC0-301F-11D3-BF4B-00C04F79EFBC}") = "RedditAPI", "RedditAPI\RedditAPI.csproj", "{1F48FCBA-DA7D-4532-9FDE-849BBE12925D}"
EndProject
Global
	GlobalSection(SolutionConfigurationPlatforms) = preSolution
		Debug|Any CPU = Debug|Any CPU
		Release|Any CPU = Release|Any CPU
	EndGlobalSection
	GlobalSection(ProjectConfigurationPlatforms) = postSolution
		{1F48FCBA-DA7D-4532-9FDE-849BBE12925D}.Debug|Any CPU.ActiveCfg = Debug|Any CPU
		{1F48FCBA-DA7D-4532-9FDE-849BBE12925D}.Debug|Any CPU.Build.0 = Debug|Any CPU
		{1F48FCBA-DA7D-4532-9FDE-849BBE12925D}.Release|Any CPU.ActiveCfg = Release|Any CPU
		{1F48FCBA-DA7D-4532-9FDE-849BBE12925D}.Release|Any CPU.Build.0 = Release|Any CPU
	EndGlobalSection
	GlobalSection(SolutionProperties) = preSolution
		HideSolutionNode = FALSE
	EndGlobalSection
	GlobalSection(ExtensibilityGlobals) = postSolution
		SolutionGuid = {976AC197-F5F8-472C-93C2-ABE400A40606}
	EndGlobalSection
EndGlobal
